
Microsoft Visual Studio Solution File, Format Version 12.00
# Visual Studio 15
VisualStudioVersion = 15.0.28307.168
MinimumVisualStudioVersion = 10.0.40219.1
Project("{FAE04EC0-301F-11D3-BF4B-00C04F79EFBC}") = "MailTestApplication", "GreenCoypu\MailTestApplication.csproj", "{360D910E-A17E-45C3-9563-B703894FE39B}"
EndProject
Global
	GlobalSection(SolutionConfigurationPlatforms) = preSolution
		Debug|Any CPU = Debug|Any CPU
		Release|Any CPU = Release|Any CPU
	EndGlobalSection
	GlobalSection(ProjectConfigurationPlatforms) = postSolution
		{360D910E-A17E-45C3-9563-B703894FE39B}.Debug|Any CPU.ActiveCfg = Debug|Any CPU
		{360D910E-A17E-45C3-9563-B703894FE39B}.Debug|Any CPU.Build.0 = Debug|Any CPU
		{360D910E-A17E-45C3-9563-B703894FE39B}.Release|Any CPU.ActiveCfg = Release|Any CPU
		{360D910E-A17E-45C3-9563-B703894FE39B}.Release|Any CPU.Build.0 = Release|Any CPU
	EndGlobalSection
	GlobalSection(SolutionProperties) = preSolution
		HideSolutionNode = FALSE
	EndGlobalSection
	GlobalSection(ExtensibilityGlobals) = postSolution
		SolutionGuid = {1B6DC8C3-3D66-448B-B1B0-C221FDFF7A5A}
	EndGlobalSection
EndGlobal
